
Microsoft Visual Studio Solution File, Format Version 12.00
# Visual Studio Version 17
VisualStudioVersion = 17.1.32228.430
MinimumVisualStudioVersion = 10.0.40219.1
Project("{9A19103F-16F7-4668-BE54-9A1E7A4F7556}") = "Habit Tracker Web", "Habit Tracker Web\Habit Tracker Web.csproj", "{6B641F8D-DD83-489A-B100-098961911F34}"
EndProject
Global
	GlobalSection(SolutionConfigurationPlatforms) = preSolution
		Debug|Any CPU = Debug|Any CPU
		Release|Any CPU = Release|Any CPU
	EndGlobalSection
	GlobalSection(ProjectConfigurationPlatforms) = postSolution
		{6B641F8D-DD83-489A-B100-098961911F34}.Debug|Any CPU.ActiveCfg = Debug|Any CPU
		{6B641F8D-DD83-489A-B100-098961911F34}.Debug|Any CPU.Build.0 = Debug|Any CPU
		{6B641F8D-DD83-489A-B100-098961911F34}.Release|Any CPU.ActiveCfg = Release|Any CPU
		{6B641F8D-DD83-489A-B100-098961911F34}.Release|Any CPU.Build.0 = Release|Any CPU
	EndGlobalSection
	GlobalSection(SolutionProperties) = preSolution
		HideSolutionNode = FALSE
	EndGlobalSection
	GlobalSection(ExtensibilityGlobals) = postSolution
		SolutionGuid = {53E4A4CB-D6C9-449C-A630-0E59BB8AD8BE}
	EndGlobalSection
EndGlobal
